
Microsoft Visual Studio Solution File, Format Version 12.00
# Visual Studio Version 17
VisualStudioVersion = 17.14.36301.6 d17.14
MinimumVisualStudioVersion = 10.0.40219.1
Project("{FAE04EC0-301F-11D3-BF4B-00C04F79EFBC}") = "Oop05", "Oop05\Oop05.csproj", "{10F19844-A8D6-43BD-8BA9-4B460887C48B}"
EndProject
Global
	GlobalSection(SolutionConfigurationPlatforms) = preSolution
		Debug|Any CPU = Debug|Any CPU
		Release|Any CPU = Release|Any CPU
	EndGlobalSection
	GlobalSection(ProjectConfigurationPlatforms) = postSolution
		{10F19844-A8D6-43BD-8BA9-4B460887C48B}.Debug|Any CPU.ActiveCfg = Debug|Any CPU
		{10F19844-A8D6-43BD-8BA9-4B460887C48B}.Debug|Any CPU.Build.0 = Debug|Any CPU
		{10F19844-A8D6-43BD-8BA9-4B460887C48B}.Release|Any CPU.ActiveCfg = Release|Any CPU
		{10F19844-A8D6-43BD-8BA9-4B460887C48B}.Release|Any CPU.Build.0 = Release|Any CPU
	EndGlobalSection
	GlobalSection(SolutionProperties) = preSolution
		HideSolutionNode = FALSE
	EndGlobalSection
	GlobalSection(ExtensibilityGlobals) = postSolution
		SolutionGuid = {ABC21D6F-26E5-4DB8-B55A-4742179518A5}
	EndGlobalSection
EndGlobal
